// !$*UTF8*$!
{
	archiveVersion = 1;
	classes = {
	};
	objectVersion = 56;
	objects = {

/* Begin PBXBuildFile section */
		E9A3B86B2B27461900EA26EA /* AppDelegate.swift in Sources */ = {isa = PBXBuildFile; fileRef = E9A3B86A2B27461900EA26EA /* AppDelegate.swift */; };
		E9A3B86D2B27461900EA26EA /* SceneDelegate.swift in Sources */ = {isa = PBXBuildFile; fileRef = E9A3B86C2B27461900EA26EA /* SceneDelegate.swift */; };
		E9A3B86F2B27461900EA26EA /* TabBarViewController.swift in Sources */ = {isa = PBXBuildFile; fileRef = E9A3B86E2B27461900EA26EA /* TabBarViewController.swift */; };
		E9A3B8742B27461C00EA26EA /* Assets.xcassets in Resources */ = {isa = PBXBuildFile; fileRef = E9A3B8732B27461C00EA26EA /* Assets.xcassets */; };
		E9A3B8772B27461C00EA26EA /* LaunchScreen.storyboard in Resources */ = {isa = PBXBuildFile; fileRef = E9A3B8752B27461C00EA26EA /* LaunchScreen.storyboard */; };
		E9A3B8862B27571100EA26EA /* FavoritesViewController.swift in Sources */ = {isa = PBXBuildFile; fileRef = E9A3B8852B27571100EA26EA /* FavoritesViewController.swift */; };
		E9A3B8882B27572900EA26EA /* SearchViewController.swift in Sources */ = {isa = PBXBuildFile; fileRef = E9A3B8872B27572900EA26EA /* SearchViewController.swift */; };
		E9A3B88A2B27579500EA26EA /* WeatherViewController.swift in Sources */ = {isa = PBXBuildFile; fileRef = E9A3B8892B27579500EA26EA /* WeatherViewController.swift */; };
		E9A3B88C2B2757EB00EA26EA /* Extensions.swift in Sources */ = {isa = PBXBuildFile; fileRef = E9A3B88B2B2757EB00EA26EA /* Extensions.swift */; };
/* End PBXBuildFile section */

/* Begin PBXFileReference section */
		E9A3B8672B27461900EA26EA /* Test_Project_Weather.app */ = {isa = PBXFileReference; explicitFileType = wrapper.application; includeInIndex = 0; path = Test_Project_Weather.app; sourceTree = BUILT_PRODUCTS_DIR; };
		E9A3B86A2B27461900EA26EA /* AppDelegate.swift */ = {isa = PBXFileReference; lastKnownFileType = sourcecode.swift; path = AppDelegate.swift; sourceTree = "<group>"; };
		E9A3B86C2B27461900EA26EA /* SceneDelegate.swift */ = {isa = PBXFileReference; lastKnownFileType = sourcecode.swift; path = SceneDelegate.swift; sourceTree = "<group>"; };
		E9A3B86E2B27461900EA26EA /* TabBarViewController.swift */ = {isa = PBXFileReference; lastKnownFileType = sourcecode.swift; path = TabBarViewController.swift; sourceTree = "<group>"; };
		E9A3B8732B27461C00EA26EA /* Assets.xcassets */ = {isa = PBXFileReference; lastKnownFileType = folder.assetcatalog; path = Assets.xcassets; sourceTree = "<group>"; };
		E9A3B8762B27461C00EA26EA /* Base */ = {isa = PBXFileReference; lastKnownFileType = file.storyboard; name = Base; path = Base.lproj/LaunchScreen.storyboard; sourceTree = "<group>"; };
		E9A3B8782B27461C00EA26EA /* Info.plist */ = {isa = PBXFileReference; lastKnownFileType = text.plist.xml; path = Info.plist; sourceTree = "<group>"; };
		E9A3B8852B27571100EA26EA /* FavoritesViewController.swift */ = {isa = PBXFileReference; lastKnownFileType = sourcecode.swift; path = FavoritesViewController.swift; sourceTree = "<group>"; };
		E9A3B8872B27572900EA26EA /* SearchViewController.swift */ = {isa = PBXFileReference; lastKnownFileType = sourcecode.swift; path = SearchViewController.swift; sourceTree = "<group>"; };
		E9A3B8892B27579500EA26EA /* WeatherViewController.swift */ = {isa = PBXFileReference; lastKnownFileType = sourcecode.swift; path = WeatherViewController.swift; sourceTree = "<group>"; };
		E9A3B88B2B2757EB00EA26EA /* Extensions.swift */ = {isa = PBXFileReference; lastKnownFileType = sourcecode.swift; path = Extensions.swift; sourceTree = "<group>"; };
/* End PBXFileReference section */

/* Begin PBXFrameworksBuildPhase section */
		E9A3B8642B27461900EA26EA /* Frameworks */ = {
			isa = PBXFrameworksBuildPhase;
			buildActionMask = 2147483647;
			files = (
			);
			runOnlyForDeploymentPostprocessing = 0;
		};
/* End PBXFrameworksBuildPhase section */

/* Begin PBXGroup section */
		E9A3B85E2B27461900EA26EA = {
			isa = PBXGroup;
			children = (
				E9A3B8692B27461900EA26EA /* Test_Project_Weather */,
				E9A3B8682B27461900EA26EA /* Products */,
			);
			sourceTree = "<group>";
		};
		E9A3B8682B27461900EA26EA /* Products */ = {
			isa = PBXGroup;
			children = (
				E9A3B8672B27461900EA26EA /* Test_Project_Weather.app */,
			);
			name = Products;
			sourceTree = "<group>";
		};
		E9A3B8692B27461900EA26EA /* Test_Project_Weather */ = {
			isa = PBXGroup;
			children = (
				E9A3B8832B274DBB00EA26EA /* Resources */,
				E9A3B8802B274D9A00EA26EA /* APIClient */,
				E9A3B8812B274DA600EA26EA /* Managers */,
				E9A3B87E2B274A3300EA26EA /* Models */,
				E9A3B8822B274DB100EA26EA /* Views */,
				E9A3B87F2B274A4F00EA26EA /* ViewModels */,
				E9A3B8842B274DD300EA26EA /* Controllers */,
				E9A3B8782B27461C00EA26EA /* Info.plist */,
			);
			path = Test_Project_Weather;
			sourceTree = "<group>";
		};
		E9A3B87E2B274A3300EA26EA /* Models */ = {
			isa = PBXGroup;
			children = (
			);
			path = Models;
			sourceTree = "<group>";
		};
		E9A3B87F2B274A4F00EA26EA /* ViewModels */ = {
			isa = PBXGroup;
			children = (
			);
			path = ViewModels;
			sourceTree = "<group>";
		};
		E9A3B8802B274D9A00EA26EA /* APIClient */ = {
			isa = PBXGroup;
			children = (
			);
			path = APIClient;
			sourceTree = "<group>";
		};
		E9A3B8812B274DA600EA26EA /* Managers */ = {
			isa = PBXGroup;
			children = (
			);
			path = Managers;
			sourceTree = "<group>";
		};
		E9A3B8822B274DB100EA26EA /* Views */ = {
			isa = PBXGroup;
			children = (
			);
			path = Views;
			sourceTree = "<group>";
		};
		E9A3B8832B274DBB00EA26EA /* Resources */ = {
			isa = PBXGroup;
			children = (
				E9A3B86A2B27461900EA26EA /* AppDelegate.swift */,
				E9A3B86C2B27461900EA26EA /* SceneDelegate.swift */,
				E9A3B8732B27461C00EA26EA /* Assets.xcassets */,
				E9A3B8752B27461C00EA26EA /* LaunchScreen.storyboard */,
				E9A3B88B2B2757EB00EA26EA /* Extensions.swift */,
			);
			path = Resources;
			sourceTree = "<group>";
		};
		E9A3B8842B274DD300EA26EA /* Controllers */ = {
			isa = PBXGroup;
			children = (
				E9A3B86E2B27461900EA26EA /* TabBarViewController.swift */,
				E9A3B8852B27571100EA26EA /* FavoritesViewController.swift */,
				E9A3B8872B27572900EA26EA /* SearchViewController.swift */,
				E9A3B8892B27579500EA26EA /* WeatherViewController.swift */,
			);
			path = Controllers;
			sourceTree = "<group>";
		};
/* End PBXGroup section */

/* Begin PBXNativeTarget section */
		E9A3B8662B27461900EA26EA /* Test_Project_Weather */ = {
			isa = PBXNativeTarget;
			buildConfigurationList = E9A3B87B2B27461C00EA26EA /* Build configuration list for PBXNativeTarget "Test_Project_Weather" */;
			buildPhases = (
				E9A3B8632B27461900EA26EA /* Sources */,
				E9A3B8642B27461900EA26EA /* Frameworks */,
				E9A3B8652B27461900EA26EA /* Resources */,
			);
			buildRules = (
			);
			dependencies = (
			);
			name = Test_Project_Weather;
			productName = Test_Project_Weather;
			productReference = E9A3B8672B27461900EA26EA /* Test_Project_Weather.app */;
			productType = "com.apple.product-type.application";
		};
/* End PBXNativeTarget section */

/* Begin PBXProject section */
		E9A3B85F2B27461900EA26EA /* Project object */ = {
			isa = PBXProject;
			attributes = {
				BuildIndependentTargetsInParallel = 1;
				LastSwiftUpdateCheck = 1430;
				LastUpgradeCheck = 1430;
				TargetAttributes = {
					E9A3B8662B27461900EA26EA = {
						CreatedOnToolsVersion = 14.3.1;
					};
				};
			};
			buildConfigurationList = E9A3B8622B27461900EA26EA /* Build configuration list for PBXProject "Test_Project_Weather" */;
			compatibilityVersion = "Xcode 14.0";
			developmentRegion = en;
			hasScannedForEncodings = 0;
			knownRegions = (
				en,
				Base,
			);
			mainGroup = E9A3B85E2B27461900EA26EA;
			productRefGroup = E9A3B8682B27461900EA26EA /* Products */;
			projectDirPath = "";
			projectRoot = "";
			targets = (
				E9A3B8662B27461900EA26EA /* Test_Project_Weather */,
			);
		};
/* End PBXProject section */

/* Begin PBXResourcesBuildPhase section */
		E9A3B8652B27461900EA26EA /* Resources */ = {
			isa = PBXResourcesBuildPhase;
			buildActionMask = 2147483647;
			files = (
				E9A3B8772B27461C00EA26EA /* LaunchScreen.storyboard in Resources */,
				E9A3B8742B27461C00EA26EA /* Assets.xcassets in Resources */,
			);
			runOnlyForDeploymentPostprocessing = 0;
		};
/* End PBXResourcesBuildPhase section */

/* Begin PBXSourcesBuildPhase section */
		E9A3B8632B27461900EA26EA /* Sources */ = {
			isa = PBXSourcesBuildPhase;
			buildActionMask = 2147483647;
			files = (
				E9A3B8882B27572900EA26EA /* SearchViewController.swift in Sources */,
				E9A3B88A2B27579500EA26EA /* WeatherViewController.swift in Sources */,
				E9A3B86F2B27461900EA26EA /* TabBarViewController.swift in Sources */,
				E9A3B86B2B27461900EA26EA /* AppDelegate.swift in Sources */,
				E9A3B8862B27571100EA26EA /* FavoritesViewController.swift in Sources */,
				E9A3B86D2B27461900EA26EA /* SceneDelegate.swift in Sources */,
				E9A3B88C2B2757EB00EA26EA /* Extensions.swift in Sources */,
			);
			runOnlyForDeploymentPostprocessing = 0;
		};
/* End PBXSourcesBuildPhase section */

/* Begin PBXVariantGroup section */
		E9A3B8752B27461C00EA26EA /* LaunchScreen.storyboard */ = {
			isa = PBXVariantGroup;
			children = (
				E9A3B8762B27461C00EA26EA /* Base */,
			);
			name = LaunchScreen.storyboard;
			sourceTree = "<group>";
		};
/* End PBXVariantGroup section */

/* Begin XCBuildConfiguration section */
		E9A3B8792B27461C00EA26EA /* Debug */ = {
			isa = XCBuildConfiguration;
			buildSettings = {
				ALWAYS_SEARCH_USER_PATHS = NO;
				CLANG_ANALYZER_NONNULL = YES;
				CLANG_ANALYZER_NUMBER_OBJECT_CONVERSION = YES_AGGRESSIVE;
				CLANG_CXX_LANGUAGE_STANDARD = "gnu++20";
				CLANG_ENABLE_MODULES = YES;
				CLANG_ENABLE_OBJC_ARC = YES;
				CLANG_ENABLE_OBJC_WEAK = YES;
				CLANG_WARN_BLOCK_CAPTURE_AUTORELEASING = YES;
				CLANG_WARN_BOOL_CONVERSION = YES;
				CLANG_WARN_COMMA = YES;
				CLANG_WARN_CONSTANT_CONVERSION = YES;
				CLANG_WARN_DEPRECATED_OBJC_IMPLEMENTATIONS = YES;
				CLANG_WARN_DIRECT_OBJC_ISA_USAGE = YES_ERROR;
				CLANG_WARN_DOCUMENTATION_COMMENTS = YES;
				CLANG_WARN_EMPTY_BODY = YES;
				CLANG_WARN_ENUM_CONVERSION = YES;
				CLANG_WARN_INFINITE_RECURSION = YES;
				CLANG_WARN_INT_CONVERSION = YES;
				CLANG_WARN_NON_LITERAL_NULL_CONVERSION = YES;
				CLANG_WARN_OBJC_IMPLICIT_RETAIN_SELF = YES;
				CLANG_WARN_OBJC_LITERAL_CONVERSION = YES;
				CLANG_WARN_OBJC_ROOT_CLASS = YES_ERROR;
				CLANG_WARN_QUOTED_INCLUDE_IN_FRAMEWORK_HEADER = YES;
				CLANG_WARN_RANGE_LOOP_ANALYSIS = YES;
				CLANG_WARN_STRICT_PROTOTYPES = YES;
				CLANG_WARN_SUSPICIOUS_MOVE = YES;
				CLANG_WARN_UNGUARDED_AVAILABILITY = YES_AGGRESSIVE;
				CLANG_WARN_UNREACHABLE_CODE = YES;
				CLANG_WARN__DUPLICATE_METHOD_MATCH = YES;
				COPY_PHASE_STRIP = NO;
				DEBUG_INFORMATION_FORMAT = dwarf;
				ENABLE_STRICT_OBJC_MSGSEND = YES;
				ENABLE_TESTABILITY = YES;
				GCC_C_LANGUAGE_STANDARD = gnu11;
				GCC_DYNAMIC_NO_PIC = NO;
				GCC_NO_COMMON_BLOCKS = YES;
				GCC_OPTIMIZATION_LEVEL = 0;
				GCC_PREPROCESSOR_DEFINITIONS = (
					"DEBUG=1",
					"$(inherited)",
				);
				GCC_WARN_64_TO_32_BIT_CONVERSION = YES;
				GCC_WARN_ABOUT_RETURN_TYPE = YES_ERROR;
				GCC_WARN_UNDECLARED_SELECTOR = YES;
				GCC_WARN_UNINITIALIZED_AUTOS = YES_AGGRESSIVE;
				GCC_WARN_UNUSED_FUNCTION = YES;
				GCC_WARN_UNUSED_VARIABLE = YES;
				IPHONEOS_DEPLOYMENT_TARGET = 16.0;
				MTL_ENABLE_DEBUG_INFO = INCLUDE_SOURCE;
				MTL_FAST_MATH = YES;
				ONLY_ACTIVE_ARCH = YES;
				SDKROOT = iphoneos;
				SWIFT_ACTIVE_COMPILATION_CONDITIONS = DEBUG;
				SWIFT_OPTIMIZATION_LEVEL = "-Onone";
			};
			name = Debug;
		};
		E9A3B87A2B27461C00EA26EA /* Release */ = {
			isa = XCBuildConfiguration;
			buildSettings = {
				ALWAYS_SEARCH_USER_PATHS = NO;
				CLANG_ANALYZER_NONNULL = YES;
				CLANG_ANALYZER_NUMBER_OBJECT_CONVERSION = YES_AGGRESSIVE;
				CLANG_CXX_LANGUAGE_STANDARD = "gnu++20";
				CLANG_ENABLE_MODULES = YES;
				CLANG_ENABLE_OBJC_ARC = YES;
				CLANG_ENABLE_OBJC_WEAK = YES;
				CLANG_WARN_BLOCK_CAPTURE_AUTORELEASING = YES;
				CLANG_WARN_BOOL_CONVERSION = YES;
				CLANG_WARN_COMMA = YES;
				CLANG_WARN_CONSTANT_CONVERSION = YES;
				CLANG_WARN_DEPRECATED_OBJC_IMPLEMENTATIONS = YES;
				CLANG_WARN_DIRECT_OBJC_ISA_USAGE = YES_ERROR;
				CLANG_WARN_DOCUMENTATION_COMMENTS = YES;
				CLANG_WARN_EMPTY_BODY = YES;
				CLANG_WARN_ENUM_CONVERSION = YES;
				CLANG_WARN_INFINITE_RECURSION = YES;
				CLANG_WARN_INT_CONVERSION = YES;
				CLANG_WARN_NON_LITERAL_NULL_CONVERSION = YES;
				CLANG_WARN_OBJC_IMPLICIT_RETAIN_SELF = YES;
				CLANG_WARN_OBJC_LITERAL_CONVERSION = YES;
				CLANG_WARN_OBJC_ROOT_CLASS = YES_ERROR;
				CLANG_WARN_QUOTED_INCLUDE_IN_FRAMEWORK_HEADER = YES;
				CLANG_WARN_RANGE_LOOP_ANALYSIS = YES;
				CLANG_WARN_STRICT_PROTOTYPES = YES;
				CLANG_WARN_SUSPICIOUS_MOVE = YES;
				CLANG_WARN_UNGUARDED_AVAILABILITY = YES_AGGRESSIVE;
				CLANG_WARN_UNREACHABLE_CODE = YES;
				CLANG_WARN__DUPLICATE_METHOD_MATCH = YES;
				COPY_PHASE_STRIP = NO;
				DEBUG_INFORMATION_FORMAT = "dwarf-with-dsym";
				ENABLE_NS_ASSERTIONS = NO;
				ENABLE_STRICT_OBJC_MSGSEND = YES;
				GCC_C_LANGUAGE_STANDARD = gnu11;
				GCC_NO_COMMON_BLOCKS = YES;
				GCC_WARN_64_TO_32_BIT_CONVERSION = YES;
				GCC_WARN_ABOUT_RETURN_TYPE = YES_ERROR;
				GCC_WARN_UNDECLARED_SELECTOR = YES;
				GCC_WARN_UNINITIALIZED_AUTOS = YES_AGGRESSIVE;
				GCC_WARN_UNUSED_FUNCTION = YES;
				GCC_WARN_UNUSED_VARIABLE = YES;
				IPHONEOS_DEPLOYMENT_TARGET = 16.0;
				MTL_ENABLE_DEBUG_INFO = NO;
				MTL_FAST_MATH = YES;
				SDKROOT = iphoneos;
				SWIFT_COMPILATION_MODE = wholemodule;
				SWIFT_OPTIMIZATION_LEVEL = "-O";
				VALIDATE_PRODUCT = YES;
			};
			name = Release;
		};
		E9A3B87C2B27461C00EA26EA /* Debug */ = {
			isa = XCBuildConfiguration;
			buildSettings = {
				ASSETCATALOG_COMPILER_APPICON_NAME = AppIcon;
				ASSETCATALOG_COMPILER_GLOBAL_ACCENT_COLOR_NAME = AccentColor;
				CODE_SIGN_STYLE = Automatic;
				CURRENT_PROJECT_VERSION = 1;
				DEVELOPMENT_TEAM = 3V7H9MP56S;
				GENERATE_INFOPLIST_FILE = YES;
				INFOPLIST_FILE = Test_Project_Weather/Info.plist;
				INFOPLIST_KEY_UIApplicationSupportsIndirectInputEvents = YES;
				INFOPLIST_KEY_UILaunchStoryboardName = LaunchScreen;
				INFOPLIST_KEY_UISupportedInterfaceOrientations = UIInterfaceOrientationPortrait;
				INFOPLIST_KEY_UISupportedInterfaceOrientations_iPad = "UIInterfaceOrientationLandscapeLeft UIInterfaceOrientationLandscapeRight UIInterfaceOrientationPortrait UIInterfaceOrientationPortraitUpsideDown";
				IPHONEOS_DEPLOYMENT_TARGET = 16.0;
				LD_RUNPATH_SEARCH_PATHS = (
					"$(inherited)",
					"@executable_path/Frameworks",
				);
				MARKETING_VERSION = 1.0;
				PRODUCT_BUNDLE_IDENTIFIER = "com.brave.Test-Project-Weather";
				PRODUCT_NAME = "$(TARGET_NAME)";
				SUPPORTED_PLATFORMS = "iphoneos iphonesimulator";
				SUPPORTS_MACCATALYST = NO;
				SUPPORTS_MAC_DESIGNED_FOR_IPHONE_IPAD = NO;
				SWIFT_EMIT_LOC_STRINGS = YES;
				SWIFT_VERSION = 5.0;
				TARGETED_DEVICE_FAMILY = 1;
			};
			name = Debug;
		};
		E9A3B87D2B27461C00EA26EA /* Release */ = {
			isa = XCBuildConfiguration;
			buildSettings = {
				ASSETCATALOG_COMPILER_APPICON_NAME = AppIcon;
				ASSETCATALOG_COMPILER_GLOBAL_ACCENT_COLOR_NAME = AccentColor;
				CODE_SIGN_STYLE = Automatic;
				CURRENT_PROJECT_VERSION = 1;
				DEVELOPMENT_TEAM = 3V7H9MP56S;
				GENERATE_INFOPLIST_FILE = YES;
				INFOPLIST_FILE = Test_Project_Weather/Info.plist;
				INFOPLIST_KEY_UIApplicationSupportsIndirectInputEvents = YES;
				INFOPLIST_KEY_UILaunchStoryboardName = LaunchScreen;
				INFOPLIST_KEY_UISupportedInterfaceOrientations = UIInterfaceOrientationPortrait;
				INFOPLIST_KEY_UISupportedInterfaceOrientations_iPad = "UIInterfaceOrientationLandscapeLeft UIInterfaceOrientationLandscapeRight UIInterfaceOrientationPortrait UIInterfaceOrientationPortraitUpsideDown";
				IPHONEOS_DEPLOYMENT_TARGET = 16.0;
				LD_RUNPATH_SEARCH_PATHS = (
					"$(inherited)",
					"@executable_path/Frameworks",
				);
				MARKETING_VERSION = 1.0;
				PRODUCT_BUNDLE_IDENTIFIER = "com.brave.Test-Project-Weather";
				PRODUCT_NAME = "$(TARGET_NAME)";
				SUPPORTED_PLATFORMS = "iphoneos iphonesimulator";
				SUPPORTS_MACCATALYST = NO;
				SUPPORTS_MAC_DESIGNED_FOR_IPHONE_IPAD = NO;
				SWIFT_EMIT_LOC_STRINGS = YES;
				SWIFT_VERSION = 5.0;
				TARGETED_DEVICE_FAMILY = 1;
			};
			name = Release;
		};
/* End XCBuildConfiguration section */

/* Begin XCConfigurationList section */
		E9A3B8622B27461900EA26EA /* Build configuration list for PBXProject "Test_Project_Weather" */ = {
			isa = XCConfigurationList;
			buildConfigurations = (
				E9A3B8792B27461C00EA26EA /* Debug */,
				E9A3B87A2B27461C00EA26EA /* Release */,
			);
			defaultConfigurationIsVisible = 0;
			defaultConfigurationName = Release;
		};
		E9A3B87B2B27461C00EA26EA /* Build configuration list for PBXNativeTarget "Test_Project_Weather" */ = {
			isa = XCConfigurationList;
			buildConfigurations = (
				E9A3B87C2B27461C00EA26EA /* Debug */,
				E9A3B87D2B27461C00EA26EA /* Release */,
			);
			defaultConfigurationIsVisible = 0;
			defaultConfigurationName = Release;
		};
/* End XCConfigurationList section */
	};
	rootObject = E9A3B85F2B27461900EA26EA /* Project object */;
}
